
Microsoft Visual Studio Solution File, Format Version 12.00
# Visual Studio Version 16
VisualStudioVersion = 16.0.31727.386
MinimumVisualStudioVersion = 10.0.40219.1
Project("{FAE04EC0-301F-11D3-BF4B-00C04F79EFBC}") = "DFWBIUG_C3D_Data_Shortcuts_2020", "DFWBIUG_C3D_Data_Shortcuts_2020.csproj", "{2AE9241C-99E2-4CB9-92F0-5424C8054DCD}"
EndProject
Global
	GlobalSection(SolutionConfigurationPlatforms) = preSolution
		Debug|Any CPU = Debug|Any CPU
		Release|Any CPU = Release|Any CPU
	EndGlobalSection
	GlobalSection(ProjectConfigurationPlatforms) = postSolution
		{2AE9241C-99E2-4CB9-92F0-5424C8054DCD}.Debug|Any CPU.ActiveCfg = Debug|Any CPU
		{2AE9241C-99E2-4CB9-92F0-5424C8054DCD}.Debug|Any CPU.Build.0 = Debug|Any CPU
		{2AE9241C-99E2-4CB9-92F0-5424C8054DCD}.Release|Any CPU.ActiveCfg = Release|Any CPU
		{2AE9241C-99E2-4CB9-92F0-5424C8054DCD}.Release|Any CPU.Build.0 = Release|Any CPU
	EndGlobalSection
	GlobalSection(SolutionProperties) = preSolution
		HideSolutionNode = FALSE
	EndGlobalSection
	GlobalSection(ExtensibilityGlobals) = postSolution
		SolutionGuid = {4E4538F9-FA7A-410B-908F-F48404C84B65}
	EndGlobalSection
EndGlobal
